
Microsoft Visual Studio Solution File, Format Version 12.00
# Visual Studio Version 17
VisualStudioVersion = 17.1.32210.238
MinimumVisualStudioVersion = 10.0.40219.1
Project("{FAE04EC0-301F-11D3-BF4B-00C04F79EFBC}") = "ContactsBook", "ContactsBook\ContactsBook.csproj", "{0709F9A7-12EC-487E-98CE-B56C4635C61B}"
EndProject
Global
	GlobalSection(SolutionConfigurationPlatforms) = preSolution
		Debug|Any CPU = Debug|Any CPU
		Release|Any CPU = Release|Any CPU
	EndGlobalSection
	GlobalSection(ProjectConfigurationPlatforms) = postSolution
		{0709F9A7-12EC-487E-98CE-B56C4635C61B}.Debug|Any CPU.ActiveCfg = Debug|Any CPU
		{0709F9A7-12EC-487E-98CE-B56C4635C61B}.Debug|Any CPU.Build.0 = Debug|Any CPU
		{0709F9A7-12EC-487E-98CE-B56C4635C61B}.Release|Any CPU.ActiveCfg = Release|Any CPU
		{0709F9A7-12EC-487E-98CE-B56C4635C61B}.Release|Any CPU.Build.0 = Release|Any CPU
	EndGlobalSection
	GlobalSection(SolutionProperties) = preSolution
		HideSolutionNode = FALSE
	EndGlobalSection
	GlobalSection(ExtensibilityGlobals) = postSolution
		SolutionGuid = {266E9F4C-1D4C-45BB-BD2E-30C5E0F7E1EA}
	EndGlobalSection
EndGlobal
